# This file was autogenerated by Stack.
# You should not edit this file by hand.
# For more information, please see the documentation at:
#   https://docs.haskellstack.org/en/stable/lock_files

packages:
- completed:
    hackage: strong-path-1.0.0.0@sha256:6cae95d088c4eb08944f962a69bed0481c0468eabd605cad9bbe580006ee2292,2216
    pantry-tree:
      size: 1228
      sha256: fc762753b0806a9c4dfe73d93bf8814d4f32ffd785f86f83bc796c022380c408
  original:
    hackage: strong-path-1.0.0.0
- completed:
    hackage: path-0.9.0@sha256:47cecc18427640e2c465ae254d4fb4342ec75b47119567e2423d61f98cccdeb3,3273
    pantry-tree:
      size: 1205
      sha256: 2f7f351c101ca16659bca8de3bdf0db4450cbc901e1ecb8c3ab3d8e0aed25a0c
  original:
    hackage: path-0.9.0
snapshots:
- completed:
    size: 585393
    url: https://raw.githubusercontent.com/commercialhaskell/stackage-snapshots/master/lts/18/0.yaml
    sha256: c632012da648385b9fa3c29f4e0afd56ead299f1c5528ee789058be410e883c0
  original: lts-18.0
